// !$*UTF8*$!
{
	archiveVersion = 1;
	classes = {
	};
	objectVersion = 50;
	objects = {

/* Begin PBXBuildFile section */
		16187780A51588CCE2CFAFA8 /* Pods_TSI18nTool.framework in Frameworks */ = {isa = PBXBuildFile; fileRef = 9FC91747BDCBA6EF2C47DEA4 /* Pods_TSI18nTool.framework */; };
		511D805F210816D60080036C /* AppDelegate.swift in Sources */ = {isa = PBXBuildFile; fileRef = 511D805E210816D60080036C /* AppDelegate.swift */; };
		511D8061210816D60080036C /* ViewController.swift in Sources */ = {isa = PBXBuildFile; fileRef = 511D8060210816D60080036C /* ViewController.swift */; };
		511D8064210816D60080036C /* Main.storyboard in Resources */ = {isa = PBXBuildFile; fileRef = 511D8062210816D60080036C /* Main.storyboard */; };
		511D8066210816D70080036C /* Assets.xcassets in Resources */ = {isa = PBXBuildFile; fileRef = 511D8065210816D70080036C /* Assets.xcassets */; };
		511D8069210816D70080036C /* LaunchScreen.storyboard in Resources */ = {isa = PBXBuildFile; fileRef = 511D8067210816D70080036C /* LaunchScreen.storyboard */; };
		511D8074210816D70080036C /* TSI18nToolTests.swift in Sources */ = {isa = PBXBuildFile; fileRef = 511D8073210816D70080036C /* TSI18nToolTests.swift */; };
		511D807F210816D70080036C /* TSI18nToolUITests.swift in Sources */ = {isa = PBXBuildFile; fileRef = 511D807E210816D70080036C /* TSI18nToolUITests.swift */; };
		511D8091210828BD0080036C /* TSI18n_Manager.swift in Sources */ = {isa = PBXBuildFile; fileRef = 511D8090210828BD0080036C /* TSI18n_Manager.swift */; };
		511D8093210829790080036C /* TSI18nUpdateAppProtocol.swift in Sources */ = {isa = PBXBuildFile; fileRef = 511D8092210829790080036C /* TSI18nUpdateAppProtocol.swift */; };
		511D809521085A1F0080036C /* TSI18n_PersistenceManager.swift in Sources */ = {isa = PBXBuildFile; fileRef = 511D809421085A1F0080036C /* TSI18n_PersistenceManager.swift */; };
		511D8097210865A50080036C /* TSI18n_ActivityView.swift in Sources */ = {isa = PBXBuildFile; fileRef = 511D8096210865A50080036C /* TSI18n_ActivityView.swift */; };
		511D809A210891A40080036C /* TSI18nExtension.swift in Sources */ = {isa = PBXBuildFile; fileRef = 511D8099210891A40080036C /* TSI18nExtension.swift */; };
		511D809D210ABBAC0080036C /* TSI18n_ExchangeLanguageViewController.swift in Sources */ = {isa = PBXBuildFile; fileRef = 511D809C210ABBAC0080036C /* TSI18n_ExchangeLanguageViewController.swift */; };
		511D809F210B14A40080036C /* TSI18n_ExchangeLanguageListTableViewCell.swift in Sources */ = {isa = PBXBuildFile; fileRef = 511D809E210B14A40080036C /* TSI18n_ExchangeLanguageListTableViewCell.swift */; };
		51776294210EB7D6004A023B /* TSI18n_ActivityViewController.swift in Sources */ = {isa = PBXBuildFile; fileRef = 51776293210EB7D6004A023B /* TSI18n_ActivityViewController.swift */; };
/* End PBXBuildFile section */

/* Begin PBXContainerItemProxy section */
		511D8070210816D70080036C /* PBXContainerItemProxy */ = {
			isa = PBXContainerItemProxy;
			containerPortal = 511D8053210816D50080036C /* Project object */;
			proxyType = 1;
			remoteGlobalIDString = 511D805A210816D60080036C;
			remoteInfo = TSI18nTool;
		};
		511D807B210816D70080036C /* PBXContainerItemProxy */ = {
			isa = PBXContainerItemProxy;
			containerPortal = 511D8053210816D50080036C /* Project object */;
			proxyType = 1;
			remoteGlobalIDString = 511D805A210816D60080036C;
			remoteInfo = TSI18nTool;
		};
/* End PBXContainerItemProxy section */

/* Begin PBXFileReference section */
		244790803901B908A627C025 /* Pods-TSI18nTool.release.xcconfig */ = {isa = PBXFileReference; includeInIndex = 1; lastKnownFileType = text.xcconfig; name = "Pods-TSI18nTool.release.xcconfig"; path = "Pods/Target Support Files/Pods-TSI18nTool/Pods-TSI18nTool.release.xcconfig"; sourceTree = "<group>"; };
		348BDEE2BA2E922C0C7134E3 /* Pods-TSI18nTool.debug.xcconfig */ = {isa = PBXFileReference; includeInIndex = 1; lastKnownFileType = text.xcconfig; name = "Pods-TSI18nTool.debug.xcconfig"; path = "Pods/Target Support Files/Pods-TSI18nTool/Pods-TSI18nTool.debug.xcconfig"; sourceTree = "<group>"; };
		511D805B210816D60080036C /* TSI18nTool.app */ = {isa = PBXFileReference; explicitFileType = wrapper.application; includeInIndex = 0; path = TSI18nTool.app; sourceTree = BUILT_PRODUCTS_DIR; };
		511D805E210816D60080036C /* AppDelegate.swift */ = {isa = PBXFileReference; lastKnownFileType = sourcecode.swift; path = AppDelegate.swift; sourceTree = "<group>"; };
		511D8060210816D60080036C /* ViewController.swift */ = {isa = PBXFileReference; lastKnownFileType = sourcecode.swift; path = ViewController.swift; sourceTree = "<group>"; };
		511D8063210816D60080036C /* Base */ = {isa = PBXFileReference; lastKnownFileType = file.storyboard; name = Base; path = Base.lproj/Main.storyboard; sourceTree = "<group>"; };
		511D8065210816D70080036C /* Assets.xcassets */ = {isa = PBXFileReference; lastKnownFileType = folder.assetcatalog; path = Assets.xcassets; sourceTree = "<group>"; };
		511D8068210816D70080036C /* Base */ = {isa = PBXFileReference; lastKnownFileType = file.storyboard; name = Base; path = Base.lproj/LaunchScreen.storyboard; sourceTree = "<group>"; };
		511D806A210816D70080036C /* Info.plist */ = {isa = PBXFileReference; lastKnownFileType = text.plist.xml; path = Info.plist; sourceTree = "<group>"; };
		511D806F210816D70080036C /* TSI18nToolTests.xctest */ = {isa = PBXFileReference; explicitFileType = wrapper.cfbundle; includeInIndex = 0; path = TSI18nToolTests.xctest; sourceTree = BUILT_PRODUCTS_DIR; };
		511D8073210816D70080036C /* TSI18nToolTests.swift */ = {isa = PBXFileReference; lastKnownFileType = sourcecode.swift; path = TSI18nToolTests.swift; sourceTree = "<group>"; };
		511D8075210816D70080036C /* Info.plist */ = {isa = PBXFileReference; lastKnownFileType = text.plist.xml; path = Info.plist; sourceTree = "<group>"; };
		511D807A210816D70080036C /* TSI18nToolUITests.xctest */ = {isa = PBXFileReference; explicitFileType = wrapper.cfbundle; includeInIndex = 0; path = TSI18nToolUITests.xctest; sourceTree = BUILT_PRODUCTS_DIR; };
		511D807E210816D70080036C /* TSI18nToolUITests.swift */ = {isa = PBXFileReference; lastKnownFileType = sourcecode.swift; path = TSI18nToolUITests.swift; sourceTree = "<group>"; };
		511D8080210816D80080036C /* Info.plist */ = {isa = PBXFileReference; lastKnownFileType = text.plist.xml; path = Info.plist; sourceTree = "<group>"; };
		511D8090210828BD0080036C /* TSI18n_Manager.swift */ = {isa = PBXFileReference; lastKnownFileType = sourcecode.swift; path = TSI18n_Manager.swift; sourceTree = "<group>"; };
		511D8092210829790080036C /* TSI18nUpdateAppProtocol.swift */ = {isa = PBXFileReference; lastKnownFileType = sourcecode.swift; path = TSI18nUpdateAppProtocol.swift; sourceTree = "<group>"; };
		511D809421085A1F0080036C /* TSI18n_PersistenceManager.swift */ = {isa = PBXFileReference; lastKnownFileType = sourcecode.swift; path = TSI18n_PersistenceManager.swift; sourceTree = "<group>"; };
		511D8096210865A50080036C /* TSI18n_ActivityView.swift */ = {isa = PBXFileReference; lastKnownFileType = sourcecode.swift; path = TSI18n_ActivityView.swift; sourceTree = "<group>"; };
		511D8099210891A40080036C /* TSI18nExtension.swift */ = {isa = PBXFileReference; lastKnownFileType = sourcecode.swift; path = TSI18nExtension.swift; sourceTree = "<group>"; };
		511D809C210ABBAC0080036C /* TSI18n_ExchangeLanguageViewController.swift */ = {isa = PBXFileReference; lastKnownFileType = sourcecode.swift; path = TSI18n_ExchangeLanguageViewController.swift; sourceTree = "<group>"; };
		511D809E210B14A40080036C /* TSI18n_ExchangeLanguageListTableViewCell.swift */ = {isa = PBXFileReference; lastKnownFileType = sourcecode.swift; path = TSI18n_ExchangeLanguageListTableViewCell.swift; sourceTree = "<group>"; };
		51776293210EB7D6004A023B /* TSI18n_ActivityViewController.swift */ = {isa = PBXFileReference; lastKnownFileType = sourcecode.swift; path = TSI18n_ActivityViewController.swift; sourceTree = "<group>"; };
		9FC91747BDCBA6EF2C47DEA4 /* Pods_TSI18nTool.framework */ = {isa = PBXFileReference; explicitFileType = wrapper.framework; includeInIndex = 0; path = Pods_TSI18nTool.framework; sourceTree = BUILT_PRODUCTS_DIR; };
/* End PBXFileReference section */

/* Begin PBXFrameworksBuildPhase section */
		511D8058210816D60080036C /* Frameworks */ = {
			isa = PBXFrameworksBuildPhase;
			buildActionMask = 2147483647;
			files = (
				16187780A51588CCE2CFAFA8 /* Pods_TSI18nTool.framework in Frameworks */,
			);
			runOnlyForDeploymentPostprocessing = 0;
		};
		511D806C210816D70080036C /* Frameworks */ = {
			isa = PBXFrameworksBuildPhase;
			buildActionMask = 2147483647;
			files = (
			);
			runOnlyForDeploymentPostprocessing = 0;
		};
		511D8077210816D70080036C /* Frameworks */ = {
			isa = PBXFrameworksBuildPhase;
			buildActionMask = 2147483647;
			files = (
			);
			runOnlyForDeploymentPostprocessing = 0;
		};
/* End PBXFrameworksBuildPhase section */

/* Begin PBXGroup section */
		511D8052210816D50080036C = {
			isa = PBXGroup;
			children = (
				511D805D210816D60080036C /* TSI18nTool */,
				511D8072210816D70080036C /* TSI18nToolTests */,
				511D807D210816D70080036C /* TSI18nToolUITests */,
				511D805C210816D60080036C /* Products */,
				C6FA720ABA4712AAC78615CE /* Pods */,
				EC82D705F396DB01486CBABA /* Frameworks */,
			);
			sourceTree = "<group>";
		};
		511D805C210816D60080036C /* Products */ = {
			isa = PBXGroup;
			children = (
				511D805B210816D60080036C /* TSI18nTool.app */,
				511D806F210816D70080036C /* TSI18nToolTests.xctest */,
				511D807A210816D70080036C /* TSI18nToolUITests.xctest */,
			);
			name = Products;
			sourceTree = "<group>";
		};
		511D805D210816D60080036C /* TSI18nTool */ = {
			isa = PBXGroup;
			children = (
				511D808C210827D50080036C /* TSI18n */,
				511D805E210816D60080036C /* AppDelegate.swift */,
				511D8060210816D60080036C /* ViewController.swift */,
				511D8062210816D60080036C /* Main.storyboard */,
				511D8065210816D70080036C /* Assets.xcassets */,
				511D8067210816D70080036C /* LaunchScreen.storyboard */,
				511D806A210816D70080036C /* Info.plist */,
			);
			path = TSI18nTool;
			sourceTree = "<group>";
		};
		511D8072210816D70080036C /* TSI18nToolTests */ = {
			isa = PBXGroup;
			children = (
				511D8073210816D70080036C /* TSI18nToolTests.swift */,
				511D8075210816D70080036C /* Info.plist */,
			);
			path = TSI18nToolTests;
			sourceTree = "<group>";
		};
		511D807D210816D70080036C /* TSI18nToolUITests */ = {
			isa = PBXGroup;
			children = (
				511D807E210816D70080036C /* TSI18nToolUITests.swift */,
				511D8080210816D80080036C /* Info.plist */,
			);
			path = TSI18nToolUITests;
			sourceTree = "<group>";
		};
		511D808C210827D50080036C /* TSI18n */ = {
			isa = PBXGroup;
			children = (
				511D809B210AB5B60080036C /* ExchangeLanguage */,
				511D8098210891880080036C /* UIExtension */,
				511D808F210828750080036C /* Handle */,
				511D808D210828600080036C /* Protocol */,
				511D808E210828600080036C /* View */,
				511D8090210828BD0080036C /* TSI18n_Manager.swift */,
			);
			path = TSI18n;
			sourceTree = "<group>";
		};
		511D808D210828600080036C /* Protocol */ = {
			isa = PBXGroup;
			children = (
				511D8092210829790080036C /* TSI18nUpdateAppProtocol.swift */,
			);
			path = Protocol;
			sourceTree = "<group>";
		};
		511D808E210828600080036C /* View */ = {
			isa = PBXGroup;
			children = (
				511D8096210865A50080036C /* TSI18n_ActivityView.swift */,
				51776293210EB7D6004A023B /* TSI18n_ActivityViewController.swift */,
			);
			path = View;
			sourceTree = "<group>";
		};
		511D808F210828750080036C /* Handle */ = {
			isa = PBXGroup;
			children = (
				511D809421085A1F0080036C /* TSI18n_PersistenceManager.swift */,
			);
			path = Handle;
			sourceTree = "<group>";
		};
		511D8098210891880080036C /* UIExtension */ = {
			isa = PBXGroup;
			children = (
				511D8099210891A40080036C /* TSI18nExtension.swift */,
			);
			path = UIExtension;
			sourceTree = "<group>";
		};
		511D809B210AB5B60080036C /* ExchangeLanguage */ = {
			isa = PBXGroup;
			children = (
				511D809C210ABBAC0080036C /* TSI18n_ExchangeLanguageViewController.swift */,
				511D809E210B14A40080036C /* TSI18n_ExchangeLanguageListTableViewCell.swift */,
			);
			path = ExchangeLanguage;
			sourceTree = "<group>";
		};
		C6FA720ABA4712AAC78615CE /* Pods */ = {
			isa = PBXGroup;
			children = (
				348BDEE2BA2E922C0C7134E3 /* Pods-TSI18nTool.debug.xcconfig */,
				244790803901B908A627C025 /* Pods-TSI18nTool.release.xcconfig */,
			);
			name = Pods;
			sourceTree = "<group>";
		};
		EC82D705F396DB01486CBABA /* Frameworks */ = {
			isa = PBXGroup;
			children = (
				9FC91747BDCBA6EF2C47DEA4 /* Pods_TSI18nTool.framework */,
			);
			name = Frameworks;
			sourceTree = "<group>";
		};
/* End PBXGroup section */

/* Begin PBXNativeTarget section */
		511D805A210816D60080036C /* TSI18nTool */ = {
			isa = PBXNativeTarget;
			buildConfigurationList = 511D8083210816D80080036C /* Build configuration list for PBXNativeTarget "TSI18nTool" */;
			buildPhases = (
				879E9372353B4836A1022FCE /* [CP] Check Pods Manifest.lock */,
				511D8057210816D60080036C /* Sources */,
				511D8058210816D60080036C /* Frameworks */,
				511D8059210816D60080036C /* Resources */,
				1BBB8FC151308537BA9B7169 /* [CP] Embed Pods Frameworks */,
				9010334602EAB3EC22C7D16A /* [CP] Copy Pods Resources */,
			);
			buildRules = (
			);
			dependencies = (
			);
			name = TSI18nTool;
			productName = TSI18nTool;
			productReference = 511D805B210816D60080036C /* TSI18nTool.app */;
			productType = "com.apple.product-type.application";
		};
		511D806E210816D70080036C /* TSI18nToolTests */ = {
			isa = PBXNativeTarget;
			buildConfigurationList = 511D8086210816D80080036C /* Build configuration list for PBXNativeTarget "TSI18nToolTests" */;
			buildPhases = (
				511D806B210816D70080036C /* Sources */,
				511D806C210816D70080036C /* Frameworks */,
				511D806D210816D70080036C /* Resources */,
			);
			buildRules = (
			);
			dependencies = (
				511D8071210816D70080036C /* PBXTargetDependency */,
			);
			name = TSI18nToolTests;
			productName = TSI18nToolTests;
			productReference = 511D806F210816D70080036C /* TSI18nToolTests.xctest */;
			productType = "com.apple.product-type.bundle.unit-test";
		};
		511D8079210816D70080036C /* TSI18nToolUITests */ = {
			isa = PBXNativeTarget;
			buildConfigurationList = 511D8089210816D80080036C /* Build configuration list for PBXNativeTarget "TSI18nToolUITests" */;
			buildPhases = (
				511D8076210816D70080036C /* Sources */,
				511D8077210816D70080036C /* Frameworks */,
				511D8078210816D70080036C /* Resources */,
			);
			buildRules = (
			);
			dependencies = (
				511D807C210816D70080036C /* PBXTargetDependency */,
			);
			name = TSI18nToolUITests;
			productName = TSI18nToolUITests;
			productReference = 511D807A210816D70080036C /* TSI18nToolUITests.xctest */;
			productType = "com.apple.product-type.bundle.ui-testing";
		};
/* End PBXNativeTarget section */

/* Begin PBXProject section */
		511D8053210816D50080036C /* Project object */ = {
			isa = PBXProject;
			attributes = {
				CLASSPREFIX = TSI18n_;
				LastSwiftUpdateCheck = 0930;
				LastUpgradeCheck = 0930;
				ORGANIZATIONNAME = "洪利";
				TargetAttributes = {
					511D805A210816D60080036C = {
						CreatedOnToolsVersion = 9.3;
					};
					511D806E210816D70080036C = {
						CreatedOnToolsVersion = 9.3;
						TestTargetID = 511D805A210816D60080036C;
					};
					511D8079210816D70080036C = {
						CreatedOnToolsVersion = 9.3;
						TestTargetID = 511D805A210816D60080036C;
					};
				};
			};
			buildConfigurationList = 511D8056210816D50080036C /* Build configuration list for PBXProject "TSI18nTool" */;
			compatibilityVersion = "Xcode 9.3";
			developmentRegion = en;
			hasScannedForEncodings = 0;
			knownRegions = (
				en,
				Base,
			);
			mainGroup = 511D8052210816D50080036C;
			productRefGroup = 511D805C210816D60080036C /* Products */;
			projectDirPath = "";
			projectRoot = "";
			targets = (
				511D805A210816D60080036C /* TSI18nTool */,
				511D806E210816D70080036C /* TSI18nToolTests */,
				511D8079210816D70080036C /* TSI18nToolUITests */,
			);
		};
/* End PBXProject section */

/* Begin PBXResourcesBuildPhase section */
		511D8059210816D60080036C /* Resources */ = {
			isa = PBXResourcesBuildPhase;
			buildActionMask = 2147483647;
			files = (
				511D8069210816D70080036C /* LaunchScreen.storyboard in Resources */,
				511D8066210816D70080036C /* Assets.xcassets in Resources */,
				511D8064210816D60080036C /* Main.storyboard in Resources */,
			);
			runOnlyForDeploymentPostprocessing = 0;
		};
		511D806D210816D70080036C /* Resources */ = {
			isa = PBXResourcesBuildPhase;
			buildActionMask = 2147483647;
			files = (
			);
			runOnlyForDeploymentPostprocessing = 0;
		};
		511D8078210816D70080036C /* Resources */ = {
			isa = PBXResourcesBuildPhase;
			buildActionMask = 2147483647;
			files = (
			);
			runOnlyForDeploymentPostprocessing = 0;
		};
/* End PBXResourcesBuildPhase section */

/* Begin PBXShellScriptBuildPhase section */
		1BBB8FC151308537BA9B7169 /* [CP] Embed Pods Frameworks */ = {
			isa = PBXShellScriptBuildPhase;
			buildActionMask = 2147483647;
			files = (
			);
			inputPaths = (
				"${SRCROOT}/Pods/Target Support Files/Pods-TSI18nTool/Pods-TSI18nTool-frameworks.sh",
				"${BUILT_PRODUCTS_DIR}/Kingfisher/Kingfisher.framework",
				"${BUILT_PRODUCTS_DIR}/SSZipArchive/SSZipArchive.framework",
				"${BUILT_PRODUCTS_DIR}/SnapKit/SnapKit.framework",
				"${BUILT_PRODUCTS_DIR}/TSCustomUIKit/TSCustomUIKit.framework",
				"${BUILT_PRODUCTS_DIR}/TSDataPersistence/TSDataPersistence.framework",
				"${BUILT_PRODUCTS_DIR}/TSRefresh/TSRefresh.framework",
				"${BUILT_PRODUCTS_DIR}/TSUtility/TSUtility.framework",
			);
			name = "[CP] Embed Pods Frameworks";
			outputPaths = (
				"${TARGET_BUILD_DIR}/${FRAMEWORKS_FOLDER_PATH}/Kingfisher.framework",
				"${TARGET_BUILD_DIR}/${FRAMEWORKS_FOLDER_PATH}/SSZipArchive.framework",
				"${TARGET_BUILD_DIR}/${FRAMEWORKS_FOLDER_PATH}/SnapKit.framework",
				"${TARGET_BUILD_DIR}/${FRAMEWORKS_FOLDER_PATH}/TSCustomUIKit.framework",
				"${TARGET_BUILD_DIR}/${FRAMEWORKS_FOLDER_PATH}/TSDataPersistence.framework",
				"${TARGET_BUILD_DIR}/${FRAMEWORKS_FOLDER_PATH}/TSRefresh.framework",
				"${TARGET_BUILD_DIR}/${FRAMEWORKS_FOLDER_PATH}/TSUtility.framework",
			);
			runOnlyForDeploymentPostprocessing = 0;
			shellPath = /bin/sh;
			shellScript = "\"${SRCROOT}/Pods/Target Support Files/Pods-TSI18nTool/Pods-TSI18nTool-frameworks.sh\"\n";
			showEnvVarsInLog = 0;
		};
		879E9372353B4836A1022FCE /* [CP] Check Pods Manifest.lock */ = {
			isa = PBXShellScriptBuildPhase;
			buildActionMask = 2147483647;
			files = (
			);
			inputPaths = (
				"${PODS_PODFILE_DIR_PATH}/Podfile.lock",
				"${PODS_ROOT}/Manifest.lock",
			);
			name = "[CP] Check Pods Manifest.lock";
			outputPaths = (
				"$(DERIVED_FILE_DIR)/Pods-TSI18nTool-checkManifestLockResult.txt",
			);
			runOnlyForDeploymentPostprocessing = 0;
			shellPath = /bin/sh;
			shellScript = "diff \"${PODS_PODFILE_DIR_PATH}/Podfile.lock\" \"${PODS_ROOT}/Manifest.lock\" > /dev/null\nif [ $? != 0 ] ; then\n    # print error to STDERR\n    echo \"error: The sandbox is not in sync with the Podfile.lock. Run 'pod install' or update your CocoaPods installation.\" >&2\n    exit 1\nfi\n# This output is used by Xcode 'outputs' to avoid re-running this script phase.\necho \"SUCCESS\" > \"${SCRIPT_OUTPUT_FILE_0}\"\n";
			showEnvVarsInLog = 0;
		};
		9010334602EAB3EC22C7D16A /* [CP] Copy Pods Resources */ = {
			isa = PBXShellScriptBuildPhase;
			buildActionMask = 2147483647;
			files = (
			);
			inputPaths = (
			);
			name = "[CP] Copy Pods Resources";
			outputPaths = (
			);
			runOnlyForDeploymentPostprocessing = 0;
			shellPath = /bin/sh;
			shellScript = "\"${SRCROOT}/Pods/Target Support Files/Pods-TSI18nTool/Pods-TSI18nTool-resources.sh\"\n";
			showEnvVarsInLog = 0;
		};
/* End PBXShellScriptBuildPhase section */

/* Begin PBXSourcesBuildPhase section */
		511D8057210816D60080036C /* Sources */ = {
			isa = PBXSourcesBuildPhase;
			buildActionMask = 2147483647;
			files = (
				511D809F210B14A40080036C /* TSI18n_ExchangeLanguageListTableViewCell.swift in Sources */,
				511D809A210891A40080036C /* TSI18nExtension.swift in Sources */,
				511D8091210828BD0080036C /* TSI18n_Manager.swift in Sources */,
				511D809D210ABBAC0080036C /* TSI18n_ExchangeLanguageViewController.swift in Sources */,
				511D8093210829790080036C /* TSI18nUpdateAppProtocol.swift in Sources */,
				511D809521085A1F0080036C /* TSI18n_PersistenceManager.swift in Sources */,
				51776294210EB7D6004A023B /* TSI18n_ActivityViewController.swift in Sources */,
				511D8061210816D60080036C /* ViewController.swift in Sources */,
				511D8097210865A50080036C /* TSI18n_ActivityView.swift in Sources */,
				511D805F210816D60080036C /* AppDelegate.swift in Sources */,
			);
			runOnlyForDeploymentPostprocessing = 0;
		};
		511D806B210816D70080036C /* Sources */ = {
			isa = PBXSourcesBuildPhase;
			buildActionMask = 2147483647;
			files = (
				511D8074210816D70080036C /* TSI18nToolTests.swift in Sources */,
			);
			runOnlyForDeploymentPostprocessing = 0;
		};
		511D8076210816D70080036C /* Sources */ = {
			isa = PBXSourcesBuildPhase;
			buildActionMask = 2147483647;
			files = (
				511D807F210816D70080036C /* TSI18nToolUITests.swift in Sources */,
			);
			runOnlyForDeploymentPostprocessing = 0;
		};
/* End PBXSourcesBuildPhase section */

/* Begin PBXTargetDependency section */
		511D8071210816D70080036C /* PBXTargetDependency */ = {
			isa = PBXTargetDependency;
			target = 511D805A210816D60080036C /* TSI18nTool */;
			targetProxy = 511D8070210816D70080036C /* PBXContainerItemProxy */;
		};
		511D807C210816D70080036C /* PBXTargetDependency */ = {
			isa = PBXTargetDependency;
			target = 511D805A210816D60080036C /* TSI18nTool */;
			targetProxy = 511D807B210816D70080036C /* PBXContainerItemProxy */;
		};
/* End PBXTargetDependency section */

/* Begin PBXVariantGroup section */
		511D8062210816D60080036C /* Main.storyboard */ = {
			isa = PBXVariantGroup;
			children = (
				511D8063210816D60080036C /* Base */,
			);
			name = Main.storyboard;
			sourceTree = "<group>";
		};
		511D8067210816D70080036C /* LaunchScreen.storyboard */ = {
			isa = PBXVariantGroup;
			children = (
				511D8068210816D70080036C /* Base */,
			);
			name = LaunchScreen.storyboard;
			sourceTree = "<group>";
		};
/* End PBXVariantGroup section */

/* Begin XCBuildConfiguration section */
		511D8081210816D80080036C /* Debug */ = {
			isa = XCBuildConfiguration;
			buildSettings = {
				ALWAYS_SEARCH_USER_PATHS = NO;
				CLANG_ANALYZER_NONNULL = YES;
				CLANG_ANALYZER_NUMBER_OBJECT_CONVERSION = YES_AGGRESSIVE;
				CLANG_CXX_LANGUAGE_STANDARD = "gnu++14";
				CLANG_CXX_LIBRARY = "libc++";
				CLANG_ENABLE_MODULES = YES;
				CLANG_ENABLE_OBJC_ARC = YES;
				CLANG_ENABLE_OBJC_WEAK = YES;
				CLANG_WARN_BLOCK_CAPTURE_AUTORELEASING = YES;
				CLANG_WARN_BOOL_CONVERSION = YES;
				CLANG_WARN_COMMA = YES;
				CLANG_WARN_CONSTANT_CONVERSION = YES;
				CLANG_WARN_DEPRECATED_OBJC_IMPLEMENTATIONS = YES;
				CLANG_WARN_DIRECT_OBJC_ISA_USAGE = YES_ERROR;
				CLANG_WARN_DOCUMENTATION_COMMENTS = YES;
				CLANG_WARN_EMPTY_BODY = YES;
				CLANG_WARN_ENUM_CONVERSION = YES;
				CLANG_WARN_INFINITE_RECURSION = YES;
				CLANG_WARN_INT_CONVERSION = YES;
				CLANG_WARN_NON_LITERAL_NULL_CONVERSION = YES;
				CLANG_WARN_OBJC_IMPLICIT_RETAIN_SELF = YES;
				CLANG_WARN_OBJC_LITERAL_CONVERSION = YES;
				CLANG_WARN_OBJC_ROOT_CLASS = YES_ERROR;
				CLANG_WARN_RANGE_LOOP_ANALYSIS = YES;
				CLANG_WARN_STRICT_PROTOTYPES = YES;
				CLANG_WARN_SUSPICIOUS_MOVE = YES;
				CLANG_WARN_UNGUARDED_AVAILABILITY = YES_AGGRESSIVE;
				CLANG_WARN_UNREACHABLE_CODE = YES;
				CLANG_WARN__DUPLICATE_METHOD_MATCH = YES;
				CODE_SIGN_IDENTITY = "iPhone Developer";
				COPY_PHASE_STRIP = NO;
				DEBUG_INFORMATION_FORMAT = dwarf;
				ENABLE_STRICT_OBJC_MSGSEND = YES;
				ENABLE_TESTABILITY = YES;
				GCC_C_LANGUAGE_STANDARD = gnu11;
				GCC_DYNAMIC_NO_PIC = NO;
				GCC_NO_COMMON_BLOCKS = YES;
				GCC_OPTIMIZATION_LEVEL = 0;
				GCC_PREPROCESSOR_DEFINITIONS = (
					"DEBUG=1",
					"$(inherited)",
				);
				GCC_WARN_64_TO_32_BIT_CONVERSION = YES;
				GCC_WARN_ABOUT_RETURN_TYPE = YES_ERROR;
				GCC_WARN_UNDECLARED_SELECTOR = YES;
				GCC_WARN_UNINITIALIZED_AUTOS = YES_AGGRESSIVE;
				GCC_WARN_UNUSED_FUNCTION = YES;
				GCC_WARN_UNUSED_VARIABLE = YES;
				IPHONEOS_DEPLOYMENT_TARGET = 11.3;
				MTL_ENABLE_DEBUG_INFO = YES;
				ONLY_ACTIVE_ARCH = YES;
				SDKROOT = iphoneos;
				SWIFT_ACTIVE_COMPILATION_CONDITIONS = DEBUG;
				SWIFT_OPTIMIZATION_LEVEL = "-Onone";
			};
			name = Debug;
		};
		511D8082210816D80080036C /* Release */ = {
			isa = XCBuildConfiguration;
			buildSettings = {
				ALWAYS_SEARCH_USER_PATHS = NO;
				CLANG_ANALYZER_NONNULL = YES;
				CLANG_ANALYZER_NUMBER_OBJECT_CONVERSION = YES_AGGRESSIVE;
				CLANG_CXX_LANGUAGE_STANDARD = "gnu++14";
				CLANG_CXX_LIBRARY = "libc++";
				CLANG_ENABLE_MODULES = YES;
				CLANG_ENABLE_OBJC_ARC = YES;
				CLANG_ENABLE_OBJC_WEAK = YES;
				CLANG_WARN_BLOCK_CAPTURE_AUTORELEASING = YES;
				CLANG_WARN_BOOL_CONVERSION = YES;
				CLANG_WARN_COMMA = YES;
				CLANG_WARN_CONSTANT_CONVERSION = YES;
				CLANG_WARN_DEPRECATED_OBJC_IMPLEMENTATIONS = YES;
				CLANG_WARN_DIRECT_OBJC_ISA_USAGE = YES_ERROR;
				CLANG_WARN_DOCUMENTATION_COMMENTS = YES;
				CLANG_WARN_EMPTY_BODY = YES;
				CLANG_WARN_ENUM_CONVERSION = YES;
				CLANG_WARN_INFINITE_RECURSION = YES;
				CLANG_WARN_INT_CONVERSION = YES;
				CLANG_WARN_NON_LITERAL_NULL_CONVERSION = YES;
				CLANG_WARN_OBJC_IMPLICIT_RETAIN_SELF = YES;
				CLANG_WARN_OBJC_LITERAL_CONVERSION = YES;
				CLANG_WARN_OBJC_ROOT_CLASS = YES_ERROR;
				CLANG_WARN_RANGE_LOOP_ANALYSIS = YES;
				CLANG_WARN_STRICT_PROTOTYPES = YES;
				CLANG_WARN_SUSPICIOUS_MOVE = YES;
				CLANG_WARN_UNGUARDED_AVAILABILITY = YES_AGGRESSIVE;
				CLANG_WARN_UNREACHABLE_CODE = YES;
				CLANG_WARN__DUPLICATE_METHOD_MATCH = YES;
				CODE_SIGN_IDENTITY = "iPhone Developer";
				COPY_PHASE_STRIP = NO;
				DEBUG_INFORMATION_FORMAT = "dwarf-with-dsym";
				ENABLE_NS_ASSERTIONS = NO;
				ENABLE_STRICT_OBJC_MSGSEND = YES;
				GCC_C_LANGUAGE_STANDARD = gnu11;
				GCC_NO_COMMON_BLOCKS = YES;
				GCC_WARN_64_TO_32_BIT_CONVERSION = YES;
				GCC_WARN_ABOUT_RETURN_TYPE = YES_ERROR;
				GCC_WARN_UNDECLARED_SELECTOR = YES;
				GCC_WARN_UNINITIALIZED_AUTOS = YES_AGGRESSIVE;
				GCC_WARN_UNUSED_FUNCTION = YES;
				GCC_WARN_UNUSED_VARIABLE = YES;
				IPHONEOS_DEPLOYMENT_TARGET = 11.3;
				MTL_ENABLE_DEBUG_INFO = NO;
				SDKROOT = iphoneos;
				SWIFT_COMPILATION_MODE = wholemodule;
				SWIFT_OPTIMIZATION_LEVEL = "-O";
				VALIDATE_PRODUCT = YES;
			};
			name = Release;
		};
		511D8084210816D80080036C /* Debug */ = {
			isa = XCBuildConfiguration;
			baseConfigurationReference = 348BDEE2BA2E922C0C7134E3 /* Pods-TSI18nTool.debug.xcconfig */;
			buildSettings = {
				ASSETCATALOG_COMPILER_APPICON_NAME = AppIcon;
				CODE_SIGN_STYLE = Automatic;
				DEVELOPMENT_TEAM = 5SY74Q2CEY;
				INFOPLIST_FILE = TSI18nTool/Info.plist;
				IPHONEOS_DEPLOYMENT_TARGET = 9.0;
				LD_RUNPATH_SEARCH_PATHS = "$(inherited) @executable_path/Frameworks";
				PRODUCT_BUNDLE_IDENTIFIER = "TSI18n-.TSI18nTool";
				PRODUCT_NAME = "$(TARGET_NAME)";
				SWIFT_VERSION = 4.0;
				TARGETED_DEVICE_FAMILY = "1,2";
			};
			name = Debug;
		};
		511D8085210816D80080036C /* Release */ = {
			isa = XCBuildConfiguration;
			baseConfigurationReference = 244790803901B908A627C025 /* Pods-TSI18nTool.release.xcconfig */;
			buildSettings = {
				ASSETCATALOG_COMPILER_APPICON_NAME = AppIcon;
				CODE_SIGN_STYLE = Automatic;
				DEVELOPMENT_TEAM = 5SY74Q2CEY;
				INFOPLIST_FILE = TSI18nTool/Info.plist;
				IPHONEOS_DEPLOYMENT_TARGET = 9.0;
				LD_RUNPATH_SEARCH_PATHS = "$(inherited) @executable_path/Frameworks";
				PRODUCT_BUNDLE_IDENTIFIER = "TSI18n-.TSI18nTool";
				PRODUCT_NAME = "$(TARGET_NAME)";
				SWIFT_VERSION = 4.0;
				TARGETED_DEVICE_FAMILY = "1,2";
			};
			name = Release;
		};
		511D8087210816D80080036C /* Debug */ = {
			isa = XCBuildConfiguration;
			buildSettings = {
				ALWAYS_EMBED_SWIFT_STANDARD_LIBRARIES = YES;
				BUNDLE_LOADER = "$(TEST_HOST)";
				CODE_SIGN_STYLE = Automatic;
				DEVELOPMENT_TEAM = 5SY74Q2CEY;
				INFOPLIST_FILE = TSI18nToolTests/Info.plist;
				LD_RUNPATH_SEARCH_PATHS = "$(inherited) @executable_path/Frameworks @loader_path/Frameworks";
				PRODUCT_BUNDLE_IDENTIFIER = "TSI18n-.TSI18nToolTests";
				PRODUCT_NAME = "$(TARGET_NAME)";
				SWIFT_VERSION = 4.0;
				TARGETED_DEVICE_FAMILY = "1,2";
				TEST_HOST = "$(BUILT_PRODUCTS_DIR)/TSI18nTool.app/TSI18nTool";
			};
			name = Debug;
		};
		511D8088210816D80080036C /* Release */ = {
			isa = XCBuildConfiguration;
			buildSettings = {
				ALWAYS_EMBED_SWIFT_STANDARD_LIBRARIES = YES;
				BUNDLE_LOADER = "$(TEST_HOST)";
				CODE_SIGN_STYLE = Automatic;
				DEVELOPMENT_TEAM = 5SY74Q2CEY;
				INFOPLIST_FILE = TSI18nToolTests/Info.plist;
				LD_RUNPATH_SEARCH_PATHS = "$(inherited) @executable_path/Frameworks @loader_path/Frameworks";
				PRODUCT_BUNDLE_IDENTIFIER = "TSI18n-.TSI18nToolTests";
				PRODUCT_NAME = "$(TARGET_NAME)";
				SWIFT_VERSION = 4.0;
				TARGETED_DEVICE_FAMILY = "1,2";
				TEST_HOST = "$(BUILT_PRODUCTS_DIR)/TSI18nTool.app/TSI18nTool";
			};
			name = Release;
		};
		511D808A210816D80080036C /* Debug */ = {
			isa = XCBuildConfiguration;
			buildSettings = {
				ALWAYS_EMBED_SWIFT_STANDARD_LIBRARIES = YES;
				CODE_SIGN_STYLE = Automatic;
				DEVELOPMENT_TEAM = 5SY74Q2CEY;
				INFOPLIST_FILE = TSI18nToolUITests/Info.plist;
				LD_RUNPATH_SEARCH_PATHS = "$(inherited) @executable_path/Frameworks @loader_path/Frameworks";
				PRODUCT_BUNDLE_IDENTIFIER = "TSI18n-.TSI18nToolUITests";
				PRODUCT_NAME = "$(TARGET_NAME)";
				SWIFT_VERSION = 4.0;
				TARGETED_DEVICE_FAMILY = "1,2";
				TEST_TARGET_NAME = TSI18nTool;
			};
			name = Debug;
		};
		511D808B210816D80080036C /* Release */ = {
			isa = XCBuildConfiguration;
			buildSettings = {
				ALWAYS_EMBED_SWIFT_STANDARD_LIBRARIES = YES;
				CODE_SIGN_STYLE = Automatic;
				DEVELOPMENT_TEAM = 5SY74Q2CEY;
				INFOPLIST_FILE = TSI18nToolUITests/Info.plist;
				LD_RUNPATH_SEARCH_PATHS = "$(inherited) @executable_path/Frameworks @loader_path/Frameworks";
				PRODUCT_BUNDLE_IDENTIFIER = "TSI18n-.TSI18nToolUITests";
				PRODUCT_NAME = "$(TARGET_NAME)";
				SWIFT_VERSION = 4.0;
				TARGETED_DEVICE_FAMILY = "1,2";
				TEST_TARGET_NAME = TSI18nTool;
			};
			name = Release;
		};
/* End XCBuildConfiguration section */

/* Begin XCConfigurationList section */
		511D8056210816D50080036C /* Build configuration list for PBXProject "TSI18nTool" */ = {
			isa = XCConfigurationList;
			buildConfigurations = (
				511D8081210816D80080036C /* Debug */,
				511D8082210816D80080036C /* Release */,
			);
			defaultConfigurationIsVisible = 0;
			defaultConfigurationName = Release;
		};
		511D8083210816D80080036C /* Build configuration list for PBXNativeTarget "TSI18nTool" */ = {
			isa = XCConfigurationList;
			buildConfigurations = (
				511D8084210816D80080036C /* Debug */,
				511D8085210816D80080036C /* Release */,
			);
			defaultConfigurationIsVisible = 0;
			defaultConfigurationName = Release;
		};
		511D8086210816D80080036C /* Build configuration list for PBXNativeTarget "TSI18nToolTests" */ = {
			isa = XCConfigurationList;
			buildConfigurations = (
				511D8087210816D80080036C /* Debug */,
				511D8088210816D80080036C /* Release */,
			);
			defaultConfigurationIsVisible = 0;
			defaultConfigurationName = Release;
		};
		511D8089210816D80080036C /* Build configuration list for PBXNativeTarget "TSI18nToolUITests" */ = {
			isa = XCConfigurationList;
			buildConfigurations = (
				511D808A210816D80080036C /* Debug */,
				511D808B210816D80080036C /* Release */,
			);
			defaultConfigurationIsVisible = 0;
			defaultConfigurationName = Release;
		};
/* End XCConfigurationList section */
	};
	rootObject = 511D8053210816D50080036C /* Project object */;
}
